// !$*UTF8*$!
{
	archiveVersion = 1;
	classes = {
	};
	objectVersion = 77;
	objects = {

/* Begin PBXBuildFile section */
		14A5B2942D819E69003CFEB0 /* BootRomDumperFramework.framework in Frameworks */ = {isa = PBXBuildFile; fileRef = 14A5B28A2D819E68003CFEB0 /* BootRomDumperFramework.framework */; };
/* End PBXBuildFile section */

/* Begin PBXContainerItemProxy section */
		14A5B2952D819E69003CFEB0 /* PBXContainerItemProxy */ = {
			isa = PBXContainerItemProxy;
			containerPortal = 14A5B2672D819A12003CFEB0 /* Project object */;
			proxyType = 1;
			remoteGlobalIDString = 14A5B2892D819E68003CFEB0;
			remoteInfo = BootRomDumperFramework;
		};
/* End PBXContainerItemProxy section */

/* Begin PBXCopyFilesBuildPhase section */
		14A5B26D2D819A12003CFEB0 /* CopyFiles */ = {
			isa = PBXCopyFilesBuildPhase;
			buildActionMask = 2147483647;
			dstPath = /usr/share/man/man1/;
			dstSubfolderSpec = 0;
			files = (
			);
			runOnlyForDeploymentPostprocessing = 1;
		};
/* End PBXCopyFilesBuildPhase section */

/* Begin PBXFileReference section */
		14A5B26F2D819A12003CFEB0 /* BootRom Dumper Swift */ = {isa = PBXFileReference; explicitFileType = "compiled.mach-o.executable"; includeInIndex = 0; path = "BootRom Dumper Swift"; sourceTree = BUILT_PRODUCTS_DIR; };
		14A5B28A2D819E68003CFEB0 /* BootRomDumperFramework.framework */ = {isa = PBXFileReference; explicitFileType = wrapper.framework; includeInIndex = 0; path = BootRomDumperFramework.framework; sourceTree = BUILT_PRODUCTS_DIR; };
		14A5B2932D819E68003CFEB0 /* BootRomDumperFrameworkTests.xctest */ = {isa = PBXFileReference; explicitFileType = wrapper.cfbundle; includeInIndex = 0; path = BootRomDumperFrameworkTests.xctest; sourceTree = BUILT_PRODUCTS_DIR; };
/* End PBXFileReference section */

/* Begin PBXFileSystemSynchronizedBuildFileExceptionSet section */
		14A5B29B2D819E69003CFEB0 /* Exceptions for "BootRomDumperFramework" folder in "BootRomDumperFramework" target */ = {
			isa = PBXFileSystemSynchronizedBuildFileExceptionSet;
			publicHeaders = (
				BootRomDumperFramework.h,
			);
			target = 14A5B2892D819E68003CFEB0 /* BootRomDumperFramework */;
		};
/* End PBXFileSystemSynchronizedBuildFileExceptionSet section */

/* Begin PBXFileSystemSynchronizedRootGroup section */
		14A5B2712D819A12003CFEB0 /* BootRom Dumper Swift */ = {
			isa = PBXFileSystemSynchronizedRootGroup;
			path = "BootRom Dumper Swift";
			sourceTree = "<group>";
		};
		14A5B28B2D819E68003CFEB0 /* BootRomDumperFramework */ = {
			isa = PBXFileSystemSynchronizedRootGroup;
			exceptions = (
				14A5B29B2D819E69003CFEB0 /* Exceptions for "BootRomDumperFramework" folder in "BootRomDumperFramework" target */,
			);
			path = BootRomDumperFramework;
			sourceTree = "<group>";
		};
		14A5B2972D819E69003CFEB0 /* BootRomDumperFrameworkTests */ = {
			isa = PBXFileSystemSynchronizedRootGroup;
			path = BootRomDumperFrameworkTests;
			sourceTree = "<group>";
		};
/* End PBXFileSystemSynchronizedRootGroup section */

/* Begin PBXFrameworksBuildPhase section */
		14A5B26C2D819A12003CFEB0 /* Frameworks */ = {
			isa = PBXFrameworksBuildPhase;
			buildActionMask = 2147483647;
			files = (
			);
			runOnlyForDeploymentPostprocessing = 0;
		};
		14A5B2872D819E68003CFEB0 /* Frameworks */ = {
			isa = PBXFrameworksBuildPhase;
			buildActionMask = 2147483647;
			files = (
			);
			runOnlyForDeploymentPostprocessing = 0;
		};
		14A5B2902D819E68003CFEB0 /* Frameworks */ = {
			isa = PBXFrameworksBuildPhase;
			buildActionMask = 2147483647;
			files = (
				14A5B2942D819E69003CFEB0 /* BootRomDumperFramework.framework in Frameworks */,
			);
			runOnlyForDeploymentPostprocessing = 0;
		};
/* End PBXFrameworksBuildPhase section */

/* Begin PBXGroup section */
		14A5B2662D819A12003CFEB0 = {
			isa = PBXGroup;
			children = (
				14A5B2712D819A12003CFEB0 /* BootRom Dumper Swift */,
				14A5B28B2D819E68003CFEB0 /* BootRomDumperFramework */,
				14A5B2972D819E69003CFEB0 /* BootRomDumperFrameworkTests */,
				14A5B2A72D819FF2003CFEB0 /* Frameworks */,
				14A5B2702D819A12003CFEB0 /* Products */,
			);
			sourceTree = "<group>";
		};
		14A5B2702D819A12003CFEB0 /* Products */ = {
			isa = PBXGroup;
			children = (
				14A5B26F2D819A12003CFEB0 /* BootRom Dumper Swift */,
				14A5B28A2D819E68003CFEB0 /* BootRomDumperFramework.framework */,
				14A5B2932D819E68003CFEB0 /* BootRomDumperFrameworkTests.xctest */,
			);
			name = Products;
			sourceTree = "<group>";
		};
		14A5B2A72D819FF2003CFEB0 /* Frameworks */ = {
			isa = PBXGroup;
			children = (
			);
			name = Frameworks;
			sourceTree = "<group>";
		};
/* End PBXGroup section */

/* Begin PBXHeadersBuildPhase section */
		14A5B2852D819E68003CFEB0 /* Headers */ = {
			isa = PBXHeadersBuildPhase;
			buildActionMask = 2147483647;
			files = (
			);
			runOnlyForDeploymentPostprocessing = 0;
		};
/* End PBXHeadersBuildPhase section */

/* Begin PBXNativeTarget section */
		14A5B26E2D819A12003CFEB0 /* BootRom Dumper Swift */ = {
			isa = PBXNativeTarget;
			buildConfigurationList = 14A5B2762D819A12003CFEB0 /* Build configuration list for PBXNativeTarget "BootRom Dumper Swift" */;
			buildPhases = (
				14A5B26B2D819A12003CFEB0 /* Sources */,
				14A5B26C2D819A12003CFEB0 /* Frameworks */,
				14A5B26D2D819A12003CFEB0 /* CopyFiles */,
			);
			buildRules = (
			);
			dependencies = (
			);
			fileSystemSynchronizedGroups = (
				14A5B2712D819A12003CFEB0 /* BootRom Dumper Swift */,
			);
			name = "BootRom Dumper Swift";
			packageProductDependencies = (
			);
			productName = "BootRom Dumper Swift";
			productReference = 14A5B26F2D819A12003CFEB0 /* BootRom Dumper Swift */;
			productType = "com.apple.product-type.tool";
		};
		14A5B2892D819E68003CFEB0 /* BootRomDumperFramework */ = {
			isa = PBXNativeTarget;
			buildConfigurationList = 14A5B29C2D819E69003CFEB0 /* Build configuration list for PBXNativeTarget "BootRomDumperFramework" */;
			buildPhases = (
				14A5B2852D819E68003CFEB0 /* Headers */,
				14A5B2862D819E68003CFEB0 /* Sources */,
				14A5B2872D819E68003CFEB0 /* Frameworks */,
				14A5B2882D819E68003CFEB0 /* Resources */,
			);
			buildRules = (
			);
			dependencies = (
			);
			fileSystemSynchronizedGroups = (
				14A5B28B2D819E68003CFEB0 /* BootRomDumperFramework */,
			);
			name = BootRomDumperFramework;
			packageProductDependencies = (
			);
			productName = BootRomDumperFramework;
			productReference = 14A5B28A2D819E68003CFEB0 /* BootRomDumperFramework.framework */;
			productType = "com.apple.product-type.framework";
		};
		14A5B2922D819E68003CFEB0 /* BootRomDumperFrameworkTests */ = {
			isa = PBXNativeTarget;
			buildConfigurationList = 14A5B29F2D819E69003CFEB0 /* Build configuration list for PBXNativeTarget "BootRomDumperFrameworkTests" */;
			buildPhases = (
				14A5B28F2D819E68003CFEB0 /* Sources */,
				14A5B2902D819E68003CFEB0 /* Frameworks */,
				14A5B2912D819E68003CFEB0 /* Resources */,
			);
			buildRules = (
			);
			dependencies = (
				14A5B2962D819E69003CFEB0 /* PBXTargetDependency */,
			);
			fileSystemSynchronizedGroups = (
				14A5B2972D819E69003CFEB0 /* BootRomDumperFrameworkTests */,
			);
			name = BootRomDumperFrameworkTests;
			packageProductDependencies = (
			);
			productName = BootRomDumperFrameworkTests;
			productReference = 14A5B2932D819E68003CFEB0 /* BootRomDumperFrameworkTests.xctest */;
			productType = "com.apple.product-type.bundle.unit-test";
		};
/* End PBXNativeTarget section */

/* Begin PBXProject section */
		14A5B2672D819A12003CFEB0 /* Project object */ = {
			isa = PBXProject;
			attributes = {
				BuildIndependentTargetsInParallel = 1;
				LastSwiftUpdateCheck = 1620;
				LastUpgradeCheck = 1620;
				TargetAttributes = {
					14A5B26E2D819A12003CFEB0 = {
						CreatedOnToolsVersion = 16.2;
					};
					14A5B2892D819E68003CFEB0 = {
						CreatedOnToolsVersion = 16.2;
					};
					14A5B2922D819E68003CFEB0 = {
						CreatedOnToolsVersion = 16.2;
					};
				};
			};
			buildConfigurationList = 14A5B26A2D819A12003CFEB0 /* Build configuration list for PBXProject "BootRom Dumper Swift" */;
			developmentRegion = en;
			hasScannedForEncodings = 0;
			knownRegions = (
				en,
				Base,
			);
			mainGroup = 14A5B2662D819A12003CFEB0;
			minimizedProjectReferenceProxies = 1;
			preferredProjectObjectVersion = 77;
			productRefGroup = 14A5B2702D819A12003CFEB0 /* Products */;
			projectDirPath = "";
			projectRoot = "";
			targets = (
				14A5B26E2D819A12003CFEB0 /* BootRom Dumper Swift */,
				14A5B2892D819E68003CFEB0 /* BootRomDumperFramework */,
				14A5B2922D819E68003CFEB0 /* BootRomDumperFrameworkTests */,
			);
		};
/* End PBXProject section */

/* Begin PBXResourcesBuildPhase section */
		14A5B2882D819E68003CFEB0 /* Resources */ = {
			isa = PBXResourcesBuildPhase;
			buildActionMask = 2147483647;
			files = (
			);
			runOnlyForDeploymentPostprocessing = 0;
		};
		14A5B2912D819E68003CFEB0 /* Resources */ = {
			isa = PBXResourcesBuildPhase;
			buildActionMask = 2147483647;
			files = (
			);
			runOnlyForDeploymentPostprocessing = 0;
		};
/* End PBXResourcesBuildPhase section */

/* Begin PBXSourcesBuildPhase section */
		14A5B26B2D819A12003CFEB0 /* Sources */ = {
			isa = PBXSourcesBuildPhase;
			buildActionMask = 2147483647;
			files = (
			);
			runOnlyForDeploymentPostprocessing = 0;
		};
		14A5B2862D819E68003CFEB0 /* Sources */ = {
			isa = PBXSourcesBuildPhase;
			buildActionMask = 2147483647;
			files = (
			);
			runOnlyForDeploymentPostprocessing = 0;
		};
		14A5B28F2D819E68003CFEB0 /* Sources */ = {
			isa = PBXSourcesBuildPhase;
			buildActionMask = 2147483647;
			files = (
			);
			runOnlyForDeploymentPostprocessing = 0;
		};
/* End PBXSourcesBuildPhase section */

/* Begin PBXTargetDependency section */
		14A5B2962D819E69003CFEB0 /* PBXTargetDependency */ = {
			isa = PBXTargetDependency;
			target = 14A5B2892D819E68003CFEB0 /* BootRomDumperFramework */;
			targetProxy = 14A5B2952D819E69003CFEB0 /* PBXContainerItemProxy */;
		};
/* End PBXTargetDependency section */

/* Begin XCBuildConfiguration section */
		14A5B2742D819A12003CFEB0 /* Debug */ = {
			isa = XCBuildConfiguration;
			buildSettings = {
				ALWAYS_SEARCH_USER_PATHS = NO;
				ASSETCATALOG_COMPILER_GENERATE_SWIFT_ASSET_SYMBOL_EXTENSIONS = YES;
				CLANG_ANALYZER_NONNULL = YES;
				CLANG_ANALYZER_NUMBER_OBJECT_CONVERSION = YES_AGGRESSIVE;
				CLANG_CXX_LANGUAGE_STANDARD = "gnu++20";
				CLANG_ENABLE_MODULES = YES;
				CLANG_ENABLE_OBJC_ARC = YES;
				CLANG_ENABLE_OBJC_WEAK = YES;
				CLANG_WARN_BLOCK_CAPTURE_AUTORELEASING = YES;
				CLANG_WARN_BOOL_CONVERSION = YES;
				CLANG_WARN_COMMA = YES;
				CLANG_WARN_CONSTANT_CONVERSION = YES;
				CLANG_WARN_DEPRECATED_OBJC_IMPLEMENTATIONS = YES;
				CLANG_WARN_DIRECT_OBJC_ISA_USAGE = YES_ERROR;
				CLANG_WARN_DOCUMENTATION_COMMENTS = YES;
				CLANG_WARN_EMPTY_BODY = YES;
				CLANG_WARN_ENUM_CONVERSION = YES;
				CLANG_WARN_INFINITE_RECURSION = YES;
				CLANG_WARN_INT_CONVERSION = YES;
				CLANG_WARN_NON_LITERAL_NULL_CONVERSION = YES;
				CLANG_WARN_OBJC_IMPLICIT_RETAIN_SELF = YES;
				CLANG_WARN_OBJC_LITERAL_CONVERSION = YES;
				CLANG_WARN_OBJC_ROOT_CLASS = YES_ERROR;
				CLANG_WARN_QUOTED_INCLUDE_IN_FRAMEWORK_HEADER = YES;
				CLANG_WARN_RANGE_LOOP_ANALYSIS = YES;
				CLANG_WARN_STRICT_PROTOTYPES = YES;
				CLANG_WARN_SUSPICIOUS_MOVE = YES;
				CLANG_WARN_UNGUARDED_AVAILABILITY = YES_AGGRESSIVE;
				CLANG_WARN_UNREACHABLE_CODE = YES;
				CLANG_WARN__DUPLICATE_METHOD_MATCH = YES;
				COPY_PHASE_STRIP = NO;
				DEBUG_INFORMATION_FORMAT = dwarf;
				ENABLE_STRICT_OBJC_MSGSEND = YES;
				ENABLE_TESTABILITY = YES;
				ENABLE_USER_SCRIPT_SANDBOXING = YES;
				GCC_C_LANGUAGE_STANDARD = gnu17;
				GCC_DYNAMIC_NO_PIC = NO;
				GCC_NO_COMMON_BLOCKS = YES;
				GCC_OPTIMIZATION_LEVEL = 0;
				GCC_PREPROCESSOR_DEFINITIONS = (
					"DEBUG=1",
					"$(inherited)",
				);
				GCC_WARN_64_TO_32_BIT_CONVERSION = YES;
				GCC_WARN_ABOUT_RETURN_TYPE = YES_ERROR;
				GCC_WARN_UNDECLARED_SELECTOR = YES;
				GCC_WARN_UNINITIALIZED_AUTOS = YES_AGGRESSIVE;
				GCC_WARN_UNUSED_FUNCTION = YES;
				GCC_WARN_UNUSED_VARIABLE = YES;
				LOCALIZATION_PREFERS_STRING_CATALOGS = YES;
				MACOSX_DEPLOYMENT_TARGET = 15.2;
				MTL_ENABLE_DEBUG_INFO = INCLUDE_SOURCE;
				MTL_FAST_MATH = YES;
				ONLY_ACTIVE_ARCH = YES;
				SDKROOT = macosx;
				SWIFT_ACTIVE_COMPILATION_CONDITIONS = "DEBUG $(inherited)";
				SWIFT_OPTIMIZATION_LEVEL = "-Onone";
			};
			name = Debug;
		};
		14A5B2752D819A12003CFEB0 /* Release */ = {
			isa = XCBuildConfiguration;
			buildSettings = {
				ALWAYS_SEARCH_USER_PATHS = NO;
				ASSETCATALOG_COMPILER_GENERATE_SWIFT_ASSET_SYMBOL_EXTENSIONS = YES;
				CLANG_ANALYZER_NONNULL = YES;
				CLANG_ANALYZER_NUMBER_OBJECT_CONVERSION = YES_AGGRESSIVE;
				CLANG_CXX_LANGUAGE_STANDARD = "gnu++20";
				CLANG_ENABLE_MODULES = YES;
				CLANG_ENABLE_OBJC_ARC = YES;
				CLANG_ENABLE_OBJC_WEAK = YES;
				CLANG_WARN_BLOCK_CAPTURE_AUTORELEASING = YES;
				CLANG_WARN_BOOL_CONVERSION = YES;
				CLANG_WARN_COMMA = YES;
				CLANG_WARN_CONSTANT_CONVERSION = YES;
				CLANG_WARN_DEPRECATED_OBJC_IMPLEMENTATIONS = YES;
				CLANG_WARN_DIRECT_OBJC_ISA_USAGE = YES_ERROR;
				CLANG_WARN_DOCUMENTATION_COMMENTS = YES;
				CLANG_WARN_EMPTY_BODY = YES;
				CLANG_WARN_ENUM_CONVERSION = YES;
				CLANG_WARN_INFINITE_RECURSION = YES;
				CLANG_WARN_INT_CONVERSION = YES;
				CLANG_WARN_NON_LITERAL_NULL_CONVERSION = YES;
				CLANG_WARN_OBJC_IMPLICIT_RETAIN_SELF = YES;
				CLANG_WARN_OBJC_LITERAL_CONVERSION = YES;
				CLANG_WARN_OBJC_ROOT_CLASS = YES_ERROR;
				CLANG_WARN_QUOTED_INCLUDE_IN_FRAMEWORK_HEADER = YES;
				CLANG_WARN_RANGE_LOOP_ANALYSIS = YES;
				CLANG_WARN_STRICT_PROTOTYPES = YES;
				CLANG_WARN_SUSPICIOUS_MOVE = YES;
				CLANG_WARN_UNGUARDED_AVAILABILITY = YES_AGGRESSIVE;
				CLANG_WARN_UNREACHABLE_CODE = YES;
				CLANG_WARN__DUPLICATE_METHOD_MATCH = YES;
				COPY_PHASE_STRIP = NO;
				DEBUG_INFORMATION_FORMAT = "dwarf-with-dsym";
				ENABLE_NS_ASSERTIONS = NO;
				ENABLE_STRICT_OBJC_MSGSEND = YES;
				ENABLE_USER_SCRIPT_SANDBOXING = YES;
				GCC_C_LANGUAGE_STANDARD = gnu17;
				GCC_NO_COMMON_BLOCKS = YES;
				GCC_WARN_64_TO_32_BIT_CONVERSION = YES;
				GCC_WARN_ABOUT_RETURN_TYPE = YES_ERROR;
				GCC_WARN_UNDECLARED_SELECTOR = YES;
				GCC_WARN_UNINITIALIZED_AUTOS = YES_AGGRESSIVE;
				GCC_WARN_UNUSED_FUNCTION = YES;
				GCC_WARN_UNUSED_VARIABLE = YES;
				LOCALIZATION_PREFERS_STRING_CATALOGS = YES;
				MACOSX_DEPLOYMENT_TARGET = 15.2;
				MTL_ENABLE_DEBUG_INFO = NO;
				MTL_FAST_MATH = YES;
				SDKROOT = macosx;
				SWIFT_COMPILATION_MODE = wholemodule;
			};
			name = Release;
		};
		14A5B2772D819A12003CFEB0 /* Debug */ = {
			isa = XCBuildConfiguration;
			buildSettings = {
				CODE_SIGN_STYLE = Automatic;
				DEVELOPMENT_TEAM = J7TFD32G4P;
				ENABLE_HARDENED_RUNTIME = YES;
				PRODUCT_NAME = "$(TARGET_NAME)";
				SWIFT_VERSION = 5.0;
			};
			name = Debug;
		};
		14A5B2782D819A12003CFEB0 /* Release */ = {
			isa = XCBuildConfiguration;
			buildSettings = {
				CODE_SIGN_STYLE = Automatic;
				DEVELOPMENT_TEAM = J7TFD32G4P;
				ENABLE_HARDENED_RUNTIME = YES;
				PRODUCT_NAME = "$(TARGET_NAME)";
				SWIFT_VERSION = 5.0;
			};
			name = Release;
		};
		14A5B29D2D819E69003CFEB0 /* Debug */ = {
			isa = XCBuildConfiguration;
			buildSettings = {
				BUILD_LIBRARY_FOR_DISTRIBUTION = YES;
				CODE_SIGN_STYLE = Automatic;
				COMBINE_HIDPI_IMAGES = YES;
				CURRENT_PROJECT_VERSION = 1;
				DEFINES_MODULE = YES;
				DEVELOPMENT_TEAM = J7TFD32G4P;
				DYLIB_COMPATIBILITY_VERSION = 1;
				DYLIB_CURRENT_VERSION = 1;
				DYLIB_INSTALL_NAME_BASE = "@rpath";
				ENABLE_MODULE_VERIFIER = YES;
				GENERATE_INFOPLIST_FILE = YES;
				INFOPLIST_KEY_NSHumanReadableCopyright = "";
				INSTALL_PATH = "$(LOCAL_LIBRARY_DIR)/Frameworks";
				LD_RUNPATH_SEARCH_PATHS = (
					"$(inherited)",
					"@executable_path/../Frameworks",
					"@loader_path/Frameworks",
				);
				MARKETING_VERSION = 1.0;
				MODULE_VERIFIER_SUPPORTED_LANGUAGES = "objective-c objective-c++";
				MODULE_VERIFIER_SUPPORTED_LANGUAGE_STANDARDS = "gnu17 gnu++20";
				PRODUCT_BUNDLE_IDENTIFIER = com.seandeaton.BootRomDumperFramework;
				PRODUCT_NAME = "$(TARGET_NAME:c99extidentifier)";
				SKIP_INSTALL = YES;
				SWIFT_EMIT_LOC_STRINGS = YES;
				SWIFT_INSTALL_OBJC_HEADER = NO;
				SWIFT_VERSION = 5.0;
				VERSIONING_SYSTEM = "apple-generic";
				VERSION_INFO_PREFIX = "";
			};
			name = Debug;
		};
		14A5B29E2D819E69003CFEB0 /* Release */ = {
			isa = XCBuildConfiguration;
			buildSettings = {
				BUILD_LIBRARY_FOR_DISTRIBUTION = YES;
				CODE_SIGN_STYLE = Automatic;
				COMBINE_HIDPI_IMAGES = YES;
				CURRENT_PROJECT_VERSION = 1;
				DEFINES_MODULE = YES;
				DEVELOPMENT_TEAM = J7TFD32G4P;
				DYLIB_COMPATIBILITY_VERSION = 1;
				DYLIB_CURRENT_VERSION = 1;
				DYLIB_INSTALL_NAME_BASE = "@rpath";
				ENABLE_MODULE_VERIFIER = YES;
				GENERATE_INFOPLIST_FILE = YES;
				INFOPLIST_KEY_NSHumanReadableCopyright = "";
				INSTALL_PATH = "$(LOCAL_LIBRARY_DIR)/Frameworks";
				LD_RUNPATH_SEARCH_PATHS = (
					"$(inherited)",
					"@executable_path/../Frameworks",
					"@loader_path/Frameworks",
				);
				MARKETING_VERSION = 1.0;
				MODULE_VERIFIER_SUPPORTED_LANGUAGES = "objective-c objective-c++";
				MODULE_VERIFIER_SUPPORTED_LANGUAGE_STANDARDS = "gnu17 gnu++20";
				PRODUCT_BUNDLE_IDENTIFIER = com.seandeaton.BootRomDumperFramework;
				PRODUCT_NAME = "$(TARGET_NAME:c99extidentifier)";
				SKIP_INSTALL = YES;
				SWIFT_EMIT_LOC_STRINGS = YES;
				SWIFT_INSTALL_OBJC_HEADER = NO;
				SWIFT_VERSION = 5.0;
				VERSIONING_SYSTEM = "apple-generic";
				VERSION_INFO_PREFIX = "";
			};
			name = Release;
		};
		14A5B2A02D819E69003CFEB0 /* Debug */ = {
			isa = XCBuildConfiguration;
			buildSettings = {
				CODE_SIGN_STYLE = Automatic;
				CURRENT_PROJECT_VERSION = 1;
				DEVELOPMENT_TEAM = J7TFD32G4P;
				GENERATE_INFOPLIST_FILE = YES;
				MARKETING_VERSION = 1.0;
				PRODUCT_BUNDLE_IDENTIFIER = com.seandeaton.BootRomDumperFrameworkTests;
				PRODUCT_NAME = "$(TARGET_NAME)";
				SWIFT_EMIT_LOC_STRINGS = NO;
				SWIFT_VERSION = 5.0;
			};
			name = Debug;
		};
		14A5B2A12D819E69003CFEB0 /* Release */ = {
			isa = XCBuildConfiguration;
			buildSettings = {
				CODE_SIGN_STYLE = Automatic;
				CURRENT_PROJECT_VERSION = 1;
				DEVELOPMENT_TEAM = J7TFD32G4P;
				GENERATE_INFOPLIST_FILE = YES;
				MARKETING_VERSION = 1.0;
				PRODUCT_BUNDLE_IDENTIFIER = com.seandeaton.BootRomDumperFrameworkTests;
				PRODUCT_NAME = "$(TARGET_NAME)";
				SWIFT_EMIT_LOC_STRINGS = NO;
				SWIFT_VERSION = 5.0;
			};
			name = Release;
		};
/* End XCBuildConfiguration section */

/* Begin XCConfigurationList section */
		14A5B26A2D819A12003CFEB0 /* Build configuration list for PBXProject "BootRom Dumper Swift" */ = {
			isa = XCConfigurationList;
			buildConfigurations = (
				14A5B2742D819A12003CFEB0 /* Debug */,
				14A5B2752D819A12003CFEB0 /* Release */,
			);
			defaultConfigurationIsVisible = 0;
			defaultConfigurationName = Release;
		};
		14A5B2762D819A12003CFEB0 /* Build configuration list for PBXNativeTarget "BootRom Dumper Swift" */ = {
			isa = XCConfigurationList;
			buildConfigurations = (
				14A5B2772D819A12003CFEB0 /* Debug */,
				14A5B2782D819A12003CFEB0 /* Release */,
			);
			defaultConfigurationIsVisible = 0;
			defaultConfigurationName = Release;
		};
		14A5B29C2D819E69003CFEB0 /* Build configuration list for PBXNativeTarget "BootRomDumperFramework" */ = {
			isa = XCConfigurationList;
			buildConfigurations = (
				14A5B29D2D819E69003CFEB0 /* Debug */,
				14A5B29E2D819E69003CFEB0 /* Release */,
			);
			defaultConfigurationIsVisible = 0;
			defaultConfigurationName = Release;
		};
		14A5B29F2D819E69003CFEB0 /* Build configuration list for PBXNativeTarget "BootRomDumperFrameworkTests" */ = {
			isa = XCConfigurationList;
			buildConfigurations = (
				14A5B2A02D819E69003CFEB0 /* Debug */,
				14A5B2A12D819E69003CFEB0 /* Release */,
			);
			defaultConfigurationIsVisible = 0;
			defaultConfigurationName = Release;
		};
/* End XCConfigurationList section */
	};
	rootObject = 14A5B2672D819A12003CFEB0 /* Project object */;
}
